// !$*UTF8*$!
{
	archiveVersion = 1;
	classes = {
	};
	objectVersion = 50;
	objects = {

/* Begin PBXBuildFile section */
		C03E8B39263D1CD7007E3C29 /* AppDelegate.swift in Sources */ = {isa = PBXBuildFile; fileRef = C03E8B38263D1CD7007E3C29 /* AppDelegate.swift */; };
		C03E8B3B263D1CD7007E3C29 /* SceneDelegate.swift in Sources */ = {isa = PBXBuildFile; fileRef = C03E8B3A263D1CD7007E3C29 /* SceneDelegate.swift */; };
		C03E8B3D263D1CD7007E3C29 /* ViewController.swift in Sources */ = {isa = PBXBuildFile; fileRef = C03E8B3C263D1CD7007E3C29 /* ViewController.swift */; };
		C03E8B40263D1CD7007E3C29 /* Main.storyboard in Resources */ = {isa = PBXBuildFile; fileRef = C03E8B3E263D1CD7007E3C29 /* Main.storyboard */; };
		C03E8B42263D1CD9007E3C29 /* Assets.xcassets in Resources */ = {isa = PBXBuildFile; fileRef = C03E8B41263D1CD9007E3C29 /* Assets.xcassets */; };
		C03E8B45263D1CD9007E3C29 /* LaunchScreen.storyboard in Resources */ = {isa = PBXBuildFile; fileRef = C03E8B43263D1CD9007E3C29 /* LaunchScreen.storyboard */; };
		C03E8B4E263D1D9A007E3C29 /* ProfileView.xib in Resources */ = {isa = PBXBuildFile; fileRef = C03E8B4D263D1D9A007E3C29 /* ProfileView.xib */; };
		C05BF4D92641AE9500006408 /* ProfileView.swift in Sources */ = {isa = PBXBuildFile; fileRef = C05BF4D82641AE9500006408 /* ProfileView.swift */; };
		C05BF4DB2641B0BD00006408 /* Profile.storyboard in Resources */ = {isa = PBXBuildFile; fileRef = C05BF4DA2641B0BD00006408 /* Profile.storyboard */; };
		C05BF4DD2641B10800006408 /* ProfileViewController.swift in Sources */ = {isa = PBXBuildFile; fileRef = C05BF4DC2641B10800006408 /* ProfileViewController.swift */; };
/* End PBXBuildFile section */

/* Begin PBXFileReference section */
		C03E8B35263D1CD7007E3C29 /* Netology_IB_Instruments'.app */ = {isa = PBXFileReference; explicitFileType = wrapper.application; includeInIndex = 0; path = "Netology_IB_Instruments'.app"; sourceTree = BUILT_PRODUCTS_DIR; };
		C03E8B38263D1CD7007E3C29 /* AppDelegate.swift */ = {isa = PBXFileReference; lastKnownFileType = sourcecode.swift; path = AppDelegate.swift; sourceTree = "<group>"; };
		C03E8B3A263D1CD7007E3C29 /* SceneDelegate.swift */ = {isa = PBXFileReference; lastKnownFileType = sourcecode.swift; path = SceneDelegate.swift; sourceTree = "<group>"; };
		C03E8B3C263D1CD7007E3C29 /* ViewController.swift */ = {isa = PBXFileReference; lastKnownFileType = sourcecode.swift; path = ViewController.swift; sourceTree = "<group>"; };
		C03E8B3F263D1CD7007E3C29 /* Base */ = {isa = PBXFileReference; lastKnownFileType = file.storyboard; name = Base; path = Base.lproj/Main.storyboard; sourceTree = "<group>"; };
		C03E8B41263D1CD9007E3C29 /* Assets.xcassets */ = {isa = PBXFileReference; lastKnownFileType = folder.assetcatalog; path = Assets.xcassets; sourceTree = "<group>"; };
		C03E8B44263D1CD9007E3C29 /* Base */ = {isa = PBXFileReference; lastKnownFileType = file.storyboard; name = Base; path = Base.lproj/LaunchScreen.storyboard; sourceTree = "<group>"; };
		C03E8B46263D1CD9007E3C29 /* Info.plist */ = {isa = PBXFileReference; lastKnownFileType = text.plist.xml; path = Info.plist; sourceTree = "<group>"; };
		C03E8B4D263D1D9A007E3C29 /* ProfileView.xib */ = {isa = PBXFileReference; lastKnownFileType = file.xib; path = ProfileView.xib; sourceTree = "<group>"; };
		C05BF4D82641AE9500006408 /* ProfileView.swift */ = {isa = PBXFileReference; lastKnownFileType = sourcecode.swift; path = ProfileView.swift; sourceTree = "<group>"; };
		C05BF4DA2641B0BD00006408 /* Profile.storyboard */ = {isa = PBXFileReference; lastKnownFileType = file.storyboard; path = Profile.storyboard; sourceTree = "<group>"; };
		C05BF4DC2641B10800006408 /* ProfileViewController.swift */ = {isa = PBXFileReference; lastKnownFileType = sourcecode.swift; path = ProfileViewController.swift; sourceTree = "<group>"; };
/* End PBXFileReference section */

/* Begin PBXFrameworksBuildPhase section */
		C03E8B32263D1CD7007E3C29 /* Frameworks */ = {
			isa = PBXFrameworksBuildPhase;
			buildActionMask = 2147483647;
			files = (
			);
			runOnlyForDeploymentPostprocessing = 0;
		};
/* End PBXFrameworksBuildPhase section */

/* Begin PBXGroup section */
		C03E8B2C263D1CD7007E3C29 = {
			isa = PBXGroup;
			children = (
				C03E8B37263D1CD7007E3C29 /* Netology_IB_Instruments' */,
				C03E8B36263D1CD7007E3C29 /* Products */,
			);
			sourceTree = "<group>";
		};
		C03E8B36263D1CD7007E3C29 /* Products */ = {
			isa = PBXGroup;
			children = (
				C03E8B35263D1CD7007E3C29 /* Netology_IB_Instruments'.app */,
			);
			name = Products;
			sourceTree = "<group>";
		};
		C03E8B37263D1CD7007E3C29 /* Netology_IB_Instruments' */ = {
			isa = PBXGroup;
			children = (
				C03E8B4D263D1D9A007E3C29 /* ProfileView.xib */,
				C05BF4D82641AE9500006408 /* ProfileView.swift */,
				C05BF4DA2641B0BD00006408 /* Profile.storyboard */,
				C05BF4DC2641B10800006408 /* ProfileViewController.swift */,
				C03E8B38263D1CD7007E3C29 /* AppDelegate.swift */,
				C03E8B3A263D1CD7007E3C29 /* SceneDelegate.swift */,
				C03E8B3C263D1CD7007E3C29 /* ViewController.swift */,
				C03E8B3E263D1CD7007E3C29 /* Main.storyboard */,
				C03E8B41263D1CD9007E3C29 /* Assets.xcassets */,
				C03E8B43263D1CD9007E3C29 /* LaunchScreen.storyboard */,
				C03E8B46263D1CD9007E3C29 /* Info.plist */,
			);
			path = "Netology_IB_Instruments'";
			sourceTree = "<group>";
		};
/* End PBXGroup section */

/* Begin PBXNativeTarget section */
		C03E8B34263D1CD7007E3C29 /* Netology_IB_Instruments' */ = {
			isa = PBXNativeTarget;
			buildConfigurationList = C03E8B49263D1CD9007E3C29 /* Build configuration list for PBXNativeTarget "Netology_IB_Instruments'" */;
			buildPhases = (
				C03E8B31263D1CD7007E3C29 /* Sources */,
				C03E8B32263D1CD7007E3C29 /* Frameworks */,
				C03E8B33263D1CD7007E3C29 /* Resources */,
			);
			buildRules = (
			);
			dependencies = (
			);
			name = "Netology_IB_Instruments'";
			productName = "Netology_IB_Instruments'";
			productReference = C03E8B35263D1CD7007E3C29 /* Netology_IB_Instruments'.app */;
			productType = "com.apple.product-type.application";
		};
/* End PBXNativeTarget section */

/* Begin PBXProject section */
		C03E8B2D263D1CD7007E3C29 /* Project object */ = {
			isa = PBXProject;
			attributes = {
				LastSwiftUpdateCheck = 1240;
				LastUpgradeCheck = 1240;
				TargetAttributes = {
					C03E8B34263D1CD7007E3C29 = {
						CreatedOnToolsVersion = 12.4;
					};
				};
			};
			buildConfigurationList = C03E8B30263D1CD7007E3C29 /* Build configuration list for PBXProject "Netology_IB_Instruments'" */;
			compatibilityVersion = "Xcode 9.3";
			developmentRegion = en;
			hasScannedForEncodings = 0;
			knownRegions = (
				en,
				Base,
			);
			mainGroup = C03E8B2C263D1CD7007E3C29;
			productRefGroup = C03E8B36263D1CD7007E3C29 /* Products */;
			projectDirPath = "";
			projectRoot = "";
			targets = (
				C03E8B34263D1CD7007E3C29 /* Netology_IB_Instruments' */,
			);
		};
/* End PBXProject section */

/* Begin PBXResourcesBuildPhase section */
		C03E8B33263D1CD7007E3C29 /* Resources */ = {
			isa = PBXResourcesBuildPhase;
			buildActionMask = 2147483647;
			files = (
				C03E8B4E263D1D9A007E3C29 /* ProfileView.xib in Resources */,
				C03E8B45263D1CD9007E3C29 /* LaunchScreen.storyboard in Resources */,
				C05BF4DB2641B0BD00006408 /* Profile.storyboard in Resources */,
				C03E8B42263D1CD9007E3C29 /* Assets.xcassets in Resources */,
				C03E8B40263D1CD7007E3C29 /* Main.storyboard in Resources */,
			);
			runOnlyForDeploymentPostprocessing = 0;
		};
/* End PBXResourcesBuildPhase section */

/* Begin PBXSourcesBuildPhase section */
		C03E8B31263D1CD7007E3C29 /* Sources */ = {
			isa = PBXSourcesBuildPhase;
			buildActionMask = 2147483647;
			files = (
				C05BF4D92641AE9500006408 /* ProfileView.swift in Sources */,
				C03E8B3D263D1CD7007E3C29 /* ViewController.swift in Sources */,
				C05BF4DD2641B10800006408 /* ProfileViewController.swift in Sources */,
				C03E8B39263D1CD7007E3C29 /* AppDelegate.swift in Sources */,
				C03E8B3B263D1CD7007E3C29 /* SceneDelegate.swift in Sources */,
			);
			runOnlyForDeploymentPostprocessing = 0;
		};
/* End PBXSourcesBuildPhase section */

/* Begin PBXVariantGroup section */
		C03E8B3E263D1CD7007E3C29 /* Main.storyboard */ = {
			isa = PBXVariantGroup;
			children = (
				C03E8B3F263D1CD7007E3C29 /* Base */,
			);
			name = Main.storyboard;
			sourceTree = "<group>";
		};
		C03E8B43263D1CD9007E3C29 /* LaunchScreen.storyboard */ = {
			isa = PBXVariantGroup;
			children = (
				C03E8B44263D1CD9007E3C29 /* Base */,
			);
			name = LaunchScreen.storyboard;
			sourceTree = "<group>";
		};
/* End PBXVariantGroup section */

/* Begin XCBuildConfiguration section */
		C03E8B47263D1CD9007E3C29 /* Debug */ = {
			isa = XCBuildConfiguration;
			buildSettings = {
				ALWAYS_SEARCH_USER_PATHS = NO;
				CLANG_ANALYZER_NONNULL = YES;
				CLANG_ANALYZER_NUMBER_OBJECT_CONVERSION = YES_AGGRESSIVE;
				CLANG_CXX_LANGUAGE_STANDARD = "gnu++14";
				CLANG_CXX_LIBRARY = "libc++";
				CLANG_ENABLE_MODULES = YES;
				CLANG_ENABLE_OBJC_ARC = YES;
				CLANG_ENABLE_OBJC_WEAK = YES;
				CLANG_WARN_BLOCK_CAPTURE_AUTORELEASING = YES;
				CLANG_WARN_BOOL_CONVERSION = YES;
				CLANG_WARN_COMMA = YES;
				CLANG_WARN_CONSTANT_CONVERSION = YES;
				CLANG_WARN_DEPRECATED_OBJC_IMPLEMENTATIONS = YES;
				CLANG_WARN_DIRECT_OBJC_ISA_USAGE = YES_ERROR;
				CLANG_WARN_DOCUMENTATION_COMMENTS = YES;
				CLANG_WARN_EMPTY_BODY = YES;
				CLANG_WARN_ENUM_CONVERSION = YES;
				CLANG_WARN_INFINITE_RECURSION = YES;
				CLANG_WARN_INT_CONVERSION = YES;
				CLANG_WARN_NON_LITERAL_NULL_CONVERSION = YES;
				CLANG_WARN_OBJC_IMPLICIT_RETAIN_SELF = YES;
				CLANG_WARN_OBJC_LITERAL_CONVERSION = YES;
				CLANG_WARN_OBJC_ROOT_CLASS = YES_ERROR;
				CLANG_WARN_QUOTED_INCLUDE_IN_FRAMEWORK_HEADER = YES;
				CLANG_WARN_RANGE_LOOP_ANALYSIS = YES;
				CLANG_WARN_STRICT_PROTOTYPES = YES;
				CLANG_WARN_SUSPICIOUS_MOVE = YES;
				CLANG_WARN_UNGUARDED_AVAILABILITY = YES_AGGRESSIVE;
				CLANG_WARN_UNREACHABLE_CODE = YES;
				CLANG_WARN__DUPLICATE_METHOD_MATCH = YES;
				COPY_PHASE_STRIP = NO;
				DEBUG_INFORMATION_FORMAT = dwarf;
				ENABLE_STRICT_OBJC_MSGSEND = YES;
				ENABLE_TESTABILITY = YES;
				GCC_C_LANGUAGE_STANDARD = gnu11;
				GCC_DYNAMIC_NO_PIC = NO;
				GCC_NO_COMMON_BLOCKS = YES;
				GCC_OPTIMIZATION_LEVEL = 0;
				GCC_PREPROCESSOR_DEFINITIONS = (
					"DEBUG=1",
					"$(inherited)",
				);
				GCC_WARN_64_TO_32_BIT_CONVERSION = YES;
				GCC_WARN_ABOUT_RETURN_TYPE = YES_ERROR;
				GCC_WARN_UNDECLARED_SELECTOR = YES;
				GCC_WARN_UNINITIALIZED_AUTOS = YES_AGGRESSIVE;
				GCC_WARN_UNUSED_FUNCTION = YES;
				GCC_WARN_UNUSED_VARIABLE = YES;
				IPHONEOS_DEPLOYMENT_TARGET = 14.4;
				MTL_ENABLE_DEBUG_INFO = INCLUDE_SOURCE;
				MTL_FAST_MATH = YES;
				ONLY_ACTIVE_ARCH = YES;
				SDKROOT = iphoneos;
				SWIFT_ACTIVE_COMPILATION_CONDITIONS = DEBUG;
				SWIFT_OPTIMIZATION_LEVEL = "-Onone";
			};
			name = Debug;
		};
		C03E8B48263D1CD9007E3C29 /* Release */ = {
			isa = XCBuildConfiguration;
			buildSettings = {
				ALWAYS_SEARCH_USER_PATHS = NO;
				CLANG_ANALYZER_NONNULL = YES;
				CLANG_ANALYZER_NUMBER_OBJECT_CONVERSION = YES_AGGRESSIVE;
				CLANG_CXX_LANGUAGE_STANDARD = "gnu++14";
				CLANG_CXX_LIBRARY = "libc++";
				CLANG_ENABLE_MODULES = YES;
				CLANG_ENABLE_OBJC_ARC = YES;
				CLANG_ENABLE_OBJC_WEAK = YES;
				CLANG_WARN_BLOCK_CAPTURE_AUTORELEASING = YES;
				CLANG_WARN_BOOL_CONVERSION = YES;
				CLANG_WARN_COMMA = YES;
				CLANG_WARN_CONSTANT_CONVERSION = YES;
				CLANG_WARN_DEPRECATED_OBJC_IMPLEMENTATIONS = YES;
				CLANG_WARN_DIRECT_OBJC_ISA_USAGE = YES_ERROR;
				CLANG_WARN_DOCUMENTATION_COMMENTS = YES;
				CLANG_WARN_EMPTY_BODY = YES;
				CLANG_WARN_ENUM_CONVERSION = YES;
				CLANG_WARN_INFINITE_RECURSION = YES;
				CLANG_WARN_INT_CONVERSION = YES;
				CLANG_WARN_NON_LITERAL_NULL_CONVERSION = YES;
				CLANG_WARN_OBJC_IMPLICIT_RETAIN_SELF = YES;
				CLANG_WARN_OBJC_LITERAL_CONVERSION = YES;
				CLANG_WARN_OBJC_ROOT_CLASS = YES_ERROR;
				CLANG_WARN_QUOTED_INCLUDE_IN_FRAMEWORK_HEADER = YES;
				CLANG_WARN_RANGE_LOOP_ANALYSIS = YES;
				CLANG_WARN_STRICT_PROTOTYPES = YES;
				CLANG_WARN_SUSPICIOUS_MOVE = YES;
				CLANG_WARN_UNGUARDED_AVAILABILITY = YES_AGGRESSIVE;
				CLANG_WARN_UNREACHABLE_CODE = YES;
				CLANG_WARN__DUPLICATE_METHOD_MATCH = YES;
				COPY_PHASE_STRIP = NO;
				DEBUG_INFORMATION_FORMAT = "dwarf-with-dsym";
				ENABLE_NS_ASSERTIONS = NO;
				ENABLE_STRICT_OBJC_MSGSEND = YES;
				GCC_C_LANGUAGE_STANDARD = gnu11;
				GCC_NO_COMMON_BLOCKS = YES;
				GCC_WARN_64_TO_32_BIT_CONVERSION = YES;
				GCC_WARN_ABOUT_RETURN_TYPE = YES_ERROR;
				GCC_WARN_UNDECLARED_SELECTOR = YES;
				GCC_WARN_UNINITIALIZED_AUTOS = YES_AGGRESSIVE;
				GCC_WARN_UNUSED_FUNCTION = YES;
				GCC_WARN_UNUSED_VARIABLE = YES;
				IPHONEOS_DEPLOYMENT_TARGET = 14.4;
				MTL_ENABLE_DEBUG_INFO = NO;
				MTL_FAST_MATH = YES;
				SDKROOT = iphoneos;
				SWIFT_COMPILATION_MODE = wholemodule;
				SWIFT_OPTIMIZATION_LEVEL = "-O";
				VALIDATE_PRODUCT = YES;
			};
			name = Release;
		};
		C03E8B4A263D1CD9007E3C29 /* Debug */ = {
			isa = XCBuildConfiguration;
			buildSettings = {
				ASSETCATALOG_COMPILER_APPICON_NAME = AppIcon;
				ASSETCATALOG_COMPILER_GLOBAL_ACCENT_COLOR_NAME = AccentColor;
				CODE_SIGN_STYLE = Automatic;
				DEVELOPMENT_TEAM = C9QK36AN46;
				INFOPLIST_FILE = "Netology_IB_Instruments'/Info.plist";
				LD_RUNPATH_SEARCH_PATHS = (
					"$(inherited)",
					"@executable_path/Frameworks",
				);
				PRODUCT_BUNDLE_IDENTIFIER = "nikola-kharkevich.Netology-IB-Instruments-";
				PRODUCT_NAME = "$(TARGET_NAME)";
				SWIFT_VERSION = 5.0;
				TARGETED_DEVICE_FAMILY = "1,2";
			};
			name = Debug;
		};
		C03E8B4B263D1CD9007E3C29 /* Release */ = {
			isa = XCBuildConfiguration;
			buildSettings = {
				ASSETCATALOG_COMPILER_APPICON_NAME = AppIcon;
				ASSETCATALOG_COMPILER_GLOBAL_ACCENT_COLOR_NAME = AccentColor;
				CODE_SIGN_STYLE = Automatic;
				DEVELOPMENT_TEAM = C9QK36AN46;
				INFOPLIST_FILE = "Netology_IB_Instruments'/Info.plist";
				LD_RUNPATH_SEARCH_PATHS = (
					"$(inherited)",
					"@executable_path/Frameworks",
				);
				PRODUCT_BUNDLE_IDENTIFIER = "nikola-kharkevich.Netology-IB-Instruments-";
				PRODUCT_NAME = "$(TARGET_NAME)";
				SWIFT_VERSION = 5.0;
				TARGETED_DEVICE_FAMILY = "1,2";
			};
			name = Release;
		};
/* End XCBuildConfiguration section */

/* Begin XCConfigurationList section */
		C03E8B30263D1CD7007E3C29 /* Build configuration list for PBXProject "Netology_IB_Instruments'" */ = {
			isa = XCConfigurationList;
			buildConfigurations = (
				C03E8B47263D1CD9007E3C29 /* Debug */,
				C03E8B48263D1CD9007E3C29 /* Release */,
			);
			defaultConfigurationIsVisible = 0;
			defaultConfigurationName = Release;
		};
		C03E8B49263D1CD9007E3C29 /* Build configuration list for PBXNativeTarget "Netology_IB_Instruments'" */ = {
			isa = XCConfigurationList;
			buildConfigurations = (
				C03E8B4A263D1CD9007E3C29 /* Debug */,
				C03E8B4B263D1CD9007E3C29 /* Release */,
			);
			defaultConfigurationIsVisible = 0;
			defaultConfigurationName = Release;
		};
/* End XCConfigurationList section */
	};
	rootObject = C03E8B2D263D1CD7007E3C29 /* Project object */;
}
